<?xml version="1.0" encoding="utf-8"?>
<Project ToolsVersion="4.0" xmlns="http://schemas.microsoft.com/developer/msbuild/2003">
  <ItemGroup>
    <Filter Include="소스 파일">
      <UniqueIdentifier>{4FC737F1-C7A5-4376-A066-2A32D752A2FF}</UniqueIdentifier>
      <Extensions>cpp;c;cc;cxx;c++;cppm;ixx;def;odl;idl;hpj;bat;asm;asmx</Extensions>
    </Filter>
    <Filter Include="헤더 파일">
      <UniqueIdentifier>{93995380-89BD-4b04-88EB-625FBE52EBFB}</UniqueIdentifier>
      <Extensions>h;hh;hpp;hxx;h++;hm;inl;inc;ipp;xsd</Extensions>
    </Filter>
    <Filter Include="리소스 파일">
      <UniqueIdentifier>{67DA6AB6-F800-4c08-8B7A-83BB121AAD01}</UniqueIdentifier>
      <Extensions>rc;ico;cur;bmp;dlg;rc2;rct;bin;rgs;gif;jpg;jpeg;jpe;resx;tiff;tif;png;wav;mfcribbon-ms</Extensions>
    </Filter>
  </ItemGroup>
  <ItemGroup>
    <ClCompile Include="src\main.cpp">
      <Filter>소스 파일</Filter>
    </ClCompile>
    <ClCompile Include="src\System\GameManager.cpp">
      <Filter>소스 파일</Filter>
    </ClCompile>
    <ClCompile Include="src\System\InputManager.cpp">
      <Filter>소스 파일</Filter>
    </ClCompile>
    <ClCompile Include="src\System\RenderManager.cpp">
      <Filter>소스 파일</Filter>
    </ClCompile>
    <ClCompile Include="src\System\StateManager.cpp">
      <Filter>소스 파일</Filter>
    </ClCompile>
    <ClCompile Include="src\Controller\Node\Node.cpp">
      <Filter>소스 파일</Filter>
    </ClCompile>
    <ClCompile Include="src\Renderer\TitleRenderer.cpp">
      <Filter>소스 파일</Filter>
    </ClCompile>
    <ClCompile Include="src\Renderer\GameRenderer.cpp">
      <Filter>소스 파일</Filter>
    </ClCompile>
    <ClCompile Include="src\Renderer\ResultRenderer.cpp">
      <Filter>소스 파일</Filter>
    </ClCompile>
    <ClCompile Include="src\System\DataManager.cpp">
      <Filter>소스 파일</Filter>
    </ClCompile>
    <ClCompile Include="src\Renderer\Screens\GameScreen.cpp">
      <Filter>소스 파일</Filter>
    </ClCompile>
    <ClCompile Include="src\Renderer\Screens\IndicatorScreen.cpp">
      <Filter>소스 파일</Filter>
    </ClCompile>
    <ClCompile Include="src\Renderer\Screens\ScoreScreen.cpp">
      <Filter>소스 파일</Filter>
    </ClCompile>
    <ClCompile Include="src\Renderer\ScreenBase.cpp">
      <Filter>소스 파일</Filter>
    </ClCompile>
    <ClCompile Include="src\Renderer\Screens\MetronomeScreen.cpp">
      <Filter>소스 파일</Filter>
    </ClCompile>
    <ClCompile Include="src\Controller\NodeController.cpp">
      <Filter>소스 파일</Filter>
    </ClCompile>
    <ClCompile Include="src\Controller\MeterController.cpp">
      <Filter>소스 파일</Filter>
    </ClCompile>
    <ClCompile Include="src\Utils\Math.cpp">
      <Filter>소스 파일</Filter>
    </ClCompile>
    <ClCompile Include="src\System\SoundManager.cpp">
      <Filter>소스 파일</Filter>
    </ClCompile>
    <ClCompile Include="src\Renderer\Screens\OptionScreen.cpp">
      <Filter>소스 파일</Filter>
    </ClCompile>
    <ClCompile Include="src\Controller\SceneController.cpp">
      <Filter>소스 파일</Filter>
    </ClCompile>
  </ItemGroup>
  <ItemGroup>
    <ClInclude Include="src\System\GameManager.h">
      <Filter>헤더 파일</Filter>
    </ClInclude>
    <ClInclude Include="src\System\InputManager.h">
      <Filter>헤더 파일</Filter>
    </ClInclude>
    <ClInclude Include="src\System\RenderManager.h">
      <Filter>헤더 파일</Filter>
    </ClInclude>
    <ClInclude Include="src\System\StateManager.h">
      <Filter>헤더 파일</Filter>
    </ClInclude>
    <ClInclude Include="src\Controller\Node\Node.h">
      <Filter>헤더 파일</Filter>
    </ClInclude>
    <ClInclude Include="src\Models\SystemData.h">
      <Filter>헤더 파일</Filter>
    </ClInclude>
    <ClInclude Include="src\Renderer\TitleRenderer.h">
      <Filter>헤더 파일</Filter>
    </ClInclude>
    <ClInclude Include="src\Renderer\GameRenderer.h">
      <Filter>헤더 파일</Filter>
    </ClInclude>
    <ClInclude Include="src\Renderer\ResultRenderer.h">
      <Filter>헤더 파일</Filter>
    </ClInclude>
    <ClInclude Include="src\Renderer\IRenderer.h">
      <Filter>헤더 파일</Filter>
    </ClInclude>
    <ClInclude Include="src\Game\Config.h">
      <Filter>헤더 파일</Filter>
    </ClInclude>
    <ClInclude Include="src\Models\Math.h">
      <Filter>헤더 파일</Filter>
    </ClInclude>
    <ClInclude Include="src\Models\ButtonState.h">
      <Filter>헤더 파일</Filter>
    </ClInclude>
    <ClInclude Include="src\Models\GameData.h">
      <Filter>헤더 파일</Filter>
    </ClInclude>
    <ClInclude Include="src\System\DataManager.h">
      <Filter>헤더 파일</Filter>
    </ClInclude>
    <ClInclude Include="src\Models\UserData.h">
      <Filter>헤더 파일</Filter>
    </ClInclude>
    <ClInclude Include="src\Renderer\Screens\GameScreen.h">
      <Filter>헤더 파일</Filter>
    </ClInclude>
    <ClInclude Include="src\Renderer\Screens\IndicatorScreen.h">
      <Filter>헤더 파일</Filter>
    </ClInclude>
    <ClInclude Include="src\Renderer\Screens\ScoreScreen.h">
      <Filter>헤더 파일</Filter>
    </ClInclude>
    <ClInclude Include="src\Renderer\ScreenBase.h">
      <Filter>헤더 파일</Filter>
    </ClInclude>
    <ClInclude Include="src\Renderer\Screens\MetronomeScreen.h">
      <Filter>헤더 파일</Filter>
    </ClInclude>
    <ClInclude Include="src\Controller\NodeController.h">
      <Filter>헤더 파일</Filter>
    </ClInclude>
    <ClInclude Include="src\Controller\IController.h">
      <Filter>헤더 파일</Filter>
    </ClInclude>
    <ClInclude Include="src\Controller\MeterController.h">
      <Filter>헤더 파일</Filter>
    </ClInclude>
    <ClInclude Include="src\Utils\Math.h">
      <Filter>헤더 파일</Filter>
    </ClInclude>
    <ClInclude Include="src\System\SoundManager.h">
      <Filter>헤더 파일</Filter>
    </ClInclude>
    <ClInclude Include="src\Utils\Singleton.h">
      <Filter>헤더 파일</Filter>
    </ClInclude>
    <ClInclude Include="src\Renderer\Screens\OptionScreen.h">
      <Filter>헤더 파일</Filter>
    </ClInclude>
    <ClInclude Include="src\Controller\SceneController.h">
      <Filter>헤더 파일</Filter>
    </ClInclude>
  </ItemGroup>
</Project>